
Microsoft Visual Studio Solution File, Format Version 12.00
# Visual Studio Version 16
VisualStudioVersion = 16.0.30907.101
MinimumVisualStudioVersion = 10.0.40219.1
Project("{FAE04EC0-301F-11D3-BF4B-00C04F79EFBC}") = "Ricenetic-Mobile.UWP", "Ricenetic-Mobile\Ricenetic-Mobile.UWP\Ricenetic-Mobile.UWP.csproj", "{8C453C85-A273-47E0-A910-DC2A8F4C8D7B}"
EndProject
Project("{FAE04EC0-301F-11D3-BF4B-00C04F79EFBC}") = "Ricenetic-Mobile.Android", "Ricenetic-Mobile\Ricenetic-Mobile.Android\Ricenetic-Mobile.Android.csproj", "{4E0007D1-E8C2-4866-80AA-B387111DBA11}"
EndProject
Project("{FAE04EC0-301F-11D3-BF4B-00C04F79EFBC}") = "Ricenetic-Mobile.iOS", "Ricenetic-Mobile\Ricenetic-Mobile.iOS\Ricenetic-Mobile.iOS.csproj", "{C6FCD13F-71A2-41B9-B9D7-57A132516042}"
EndProject
Project("{FAE04EC0-301F-11D3-BF4B-00C04F79EFBC}") = "Ricenetic-Mobile", "Ricenetic-Mobile\Ricenetic-Mobile\Ricenetic-Mobile.csproj", "{E4C90C55-6EDC-4EE1-837B-698FDE4DB91F}"
EndProject
Global
	GlobalSection(SolutionConfigurationPlatforms) = preSolution
		Debug|Any CPU = Debug|Any CPU
		Debug|ARM = Debug|ARM
		Debug|iPhone = Debug|iPhone
		Debug|iPhoneSimulator = Debug|iPhoneSimulator
		Debug|x64 = Debug|x64
		Debug|x86 = Debug|x86
		Release|Any CPU = Release|Any CPU
		Release|ARM = Release|ARM
		Release|iPhone = Release|iPhone
		Release|iPhoneSimulator = Release|iPhoneSimulator
		Release|x64 = Release|x64
		Release|x86 = Release|x86
	EndGlobalSection
	GlobalSection(ProjectConfigurationPlatforms) = postSolution
		{8C453C85-A273-47E0-A910-DC2A8F4C8D7B}.Debug|Any CPU.ActiveCfg = Debug|x86
		{8C453C85-A273-47E0-A910-DC2A8F4C8D7B}.Debug|Any CPU.Build.0 = Debug|x86
		{8C453C85-A273-47E0-A910-DC2A8F4C8D7B}.Debug|Any CPU.Deploy.0 = Debug|x86
		{8C453C85-A273-47E0-A910-DC2A8F4C8D7B}.Debug|ARM.ActiveCfg = Debug|ARM
		{8C453C85-A273-47E0-A910-DC2A8F4C8D7B}.Debug|ARM.Build.0 = Debug|ARM
		{8C453C85-A273-47E0-A910-DC2A8F4C8D7B}.Debug|ARM.Deploy.0 = Debug|ARM
		{8C453C85-A273-47E0-A910-DC2A8F4C8D7B}.Debug|iPhone.ActiveCfg = Debug|x86
		{8C453C85-A273-47E0-A910-DC2A8F4C8D7B}.Debug|iPhone.Build.0 = Debug|x86
		{8C453C85-A273-47E0-A910-DC2A8F4C8D7B}.Debug|iPhone.Deploy.0 = Debug|x86
		{8C453C85-A273-47E0-A910-DC2A8F4C8D7B}.Debug|iPhoneSimulator.ActiveCfg = Debug|x86
		{8C453C85-A273-47E0-A910-DC2A8F4C8D7B}.Debug|iPhoneSimulator.Build.0 = Debug|x86
		{8C453C85-A273-47E0-A910-DC2A8F4C8D7B}.Debug|iPhoneSimulator.Deploy.0 = Debug|x86
		{8C453C85-A273-47E0-A910-DC2A8F4C8D7B}.Debug|x64.ActiveCfg = Debug|x64
		{8C453C85-A273-47E0-A910-DC2A8F4C8D7B}.Debug|x64.Build.0 = Debug|x64
		{8C453C85-A273-47E0-A910-DC2A8F4C8D7B}.Debug|x64.Deploy.0 = Debug|x64
		{8C453C85-A273-47E0-A910-DC2A8F4C8D7B}.Debug|x86.ActiveCfg = Debug|x86
		{8C453C85-A273-47E0-A910-DC2A8F4C8D7B}.Debug|x86.Build.0 = Debug|x86
		{8C453C85-A273-47E0-A910-DC2A8F4C8D7B}.Debug|x86.Deploy.0 = Debug|x86
		{8C453C85-A273-47E0-A910-DC2A8F4C8D7B}.Release|Any CPU.ActiveCfg = Release|x86
		{8C453C85-A273-47E0-A910-DC2A8F4C8D7B}.Release|Any CPU.Build.0 = Release|x86
		{8C453C85-A273-47E0-A910-DC2A8F4C8D7B}.Release|Any CPU.Deploy.0 = Release|x86
		{8C453C85-A273-47E0-A910-DC2A8F4C8D7B}.Release|ARM.ActiveCfg = Release|ARM
		{8C453C85-A273-47E0-A910-DC2A8F4C8D7B}.Release|ARM.Build.0 = Release|ARM
		{8C453C85-A273-47E0-A910-DC2A8F4C8D7B}.Release|ARM.Deploy.0 = Release|ARM
		{8C453C85-A273-47E0-A910-DC2A8F4C8D7B}.Release|iPhone.ActiveCfg = Release|x86
		{8C453C85-A273-47E0-A910-DC2A8F4C8D7B}.Release|iPhone.Build.0 = Release|x86
		{8C453C85-A273-47E0-A910-DC2A8F4C8D7B}.Release|iPhone.Deploy.0 = Release|x86
		{8C453C85-A273-47E0-A910-DC2A8F4C8D7B}.Release|iPhoneSimulator.ActiveCfg = Release|x86
		{8C453C85-A273-47E0-A910-DC2A8F4C8D7B}.Release|iPhoneSimulator.Build.0 = Release|x86
		{8C453C85-A273-47E0-A910-DC2A8F4C8D7B}.Release|iPhoneSimulator.Deploy.0 = Release|x86
		{8C453C85-A273-47E0-A910-DC2A8F4C8D7B}.Release|x64.ActiveCfg = Release|x64
		{8C453C85-A273-47E0-A910-DC2A8F4C8D7B}.Release|x64.Build.0 = Release|x64
		{8C453C85-A273-47E0-A910-DC2A8F4C8D7B}.Release|x64.Deploy.0 = Release|x64
		{8C453C85-A273-47E0-A910-DC2A8F4C8D7B}.Release|x86.ActiveCfg = Release|x86
		{8C453C85-A273-47E0-A910-DC2A8F4C8D7B}.Release|x86.Build.0 = Release|x86
		{8C453C85-A273-47E0-A910-DC2A8F4C8D7B}.Release|x86.Deploy.0 = Release|x86
		{4E0007D1-E8C2-4866-80AA-B387111DBA11}.Debug|Any CPU.ActiveCfg = Debug|Any CPU
		{4E0007D1-E8C2-4866-80AA-B387111DBA11}.Debug|Any CPU.Build.0 = Debug|Any CPU
		{4E0007D1-E8C2-4866-80AA-B387111DBA11}.Debug|Any CPU.Deploy.0 = Debug|Any CPU
		{4E0007D1-E8C2-4866-80AA-B387111DBA11}.Debug|ARM.ActiveCfg = Debug|Any CPU
		{4E0007D1-E8C2-4866-80AA-B387111DBA11}.Debug|ARM.Build.0 = Debug|Any CPU
		{4E0007D1-E8C2-4866-80AA-B387111DBA11}.Debug|ARM.Deploy.0 = Debug|Any CPU
		{4E0007D1-E8C2-4866-80AA-B387111DBA11}.Debug|iPhone.ActiveCfg = Debug|Any CPU
		{4E0007D1-E8C2-4866-80AA-B387111DBA11}.Debug|iPhone.Build.0 = Debug|Any CPU
		{4E0007D1-E8C2-4866-80AA-B387111DBA11}.Debug|iPhone.Deploy.0 = Debug|Any CPU
		{4E0007D1-E8C2-4866-80AA-B387111DBA11}.Debug|iPhoneSimulator.ActiveCfg = Debug|Any CPU
		{4E0007D1-E8C2-4866-80AA-B387111DBA11}.Debug|iPhoneSimulator.Build.0 = Debug|Any CPU
		{4E0007D1-E8C2-4866-80AA-B387111DBA11}.Debug|iPhoneSimulator.Deploy.0 = Debug|Any CPU
		{4E0007D1-E8C2-4866-80AA-B387111DBA11}.Debug|x64.ActiveCfg = Debug|Any CPU
		{4E0007D1-E8C2-4866-80AA-B387111DBA11}.Debug|x64.Build.0 = Debug|Any CPU
		{4E0007D1-E8C2-4866-80AA-B387111DBA11}.Debug|x64.Deploy.0 = Debug|Any CPU
		{4E0007D1-E8C2-4866-80AA-B387111DBA11}.Debug|x86.ActiveCfg = Debug|Any CPU
		{4E0007D1-E8C2-4866-80AA-B387111DBA11}.Debug|x86.Build.0 = Debug|Any CPU
		{4E0007D1-E8C2-4866-80AA-B387111DBA11}.Debug|x86.Deploy.0 = Debug|Any CPU
		{4E0007D1-E8C2-4866-80AA-B387111DBA11}.Release|Any CPU.ActiveCfg = Release|Any CPU
		{4E0007D1-E8C2-4866-80AA-B387111DBA11}.Release|Any CPU.Build.0 = Release|Any CPU
		{4E0007D1-E8C2-4866-80AA-B387111DBA11}.Release|Any CPU.Deploy.0 = Release|Any CPU
		{4E0007D1-E8C2-4866-80AA-B387111DBA11}.Release|ARM.ActiveCfg = Release|Any CPU
		{4E0007D1-E8C2-4866-80AA-B387111DBA11}.Release|ARM.Build.0 = Release|Any CPU
		{4E0007D1-E8C2-4866-80AA-B387111DBA11}.Release|ARM.Deploy.0 = Release|Any CPU
		{4E0007D1-E8C2-4866-80AA-B387111DBA11}.Release|iPhone.ActiveCfg = Release|Any CPU
		{4E0007D1-E8C2-4866-80AA-B387111DBA11}.Release|iPhone.Build.0 = Release|Any CPU
		{4E0007D1-E8C2-4866-80AA-B387111DBA11}.Release|iPhone.Deploy.0 = Release|Any CPU
		{4E0007D1-E8C2-4866-80AA-B387111DBA11}.Release|iPhoneSimulator.ActiveCfg = Release|Any CPU
		{4E0007D1-E8C2-4866-80AA-B387111DBA11}.Release|iPhoneSimulator.Build.0 = Release|Any CPU
		{4E0007D1-E8C2-4866-80AA-B387111DBA11}.Release|iPhoneSimulator.Deploy.0 = Release|Any CPU
		{4E0007D1-E8C2-4866-80AA-B387111DBA11}.Release|x64.ActiveCfg = Release|Any CPU
		{4E0007D1-E8C2-4866-80AA-B387111DBA11}.Release|x64.Build.0 = Release|Any CPU
		{4E0007D1-E8C2-4866-80AA-B387111DBA11}.Release|x64.Deploy.0 = Release|Any CPU
		{4E0007D1-E8C2-4866-80AA-B387111DBA11}.Release|x86.ActiveCfg = Release|Any CPU
		{4E0007D1-E8C2-4866-80AA-B387111DBA11}.Release|x86.Build.0 = Release|Any CPU
		{4E0007D1-E8C2-4866-80AA-B387111DBA11}.Release|x86.Deploy.0 = Release|Any CPU
		{C6FCD13F-71A2-41B9-B9D7-57A132516042}.Debug|Any CPU.ActiveCfg = Debug|iPhoneSimulator
		{C6FCD13F-71A2-41B9-B9D7-57A132516042}.Debug|Any CPU.Build.0 = Debug|iPhoneSimulator
		{C6FCD13F-71A2-41B9-B9D7-57A132516042}.Debug|Any CPU.Deploy.0 = Debug|iPhoneSimulator
		{C6FCD13F-71A2-41B9-B9D7-57A132516042}.Debug|ARM.ActiveCfg = Debug|iPhone
		{C6FCD13F-71A2-41B9-B9D7-57A132516042}.Debug|ARM.Build.0 = Debug|iPhone
		{C6FCD13F-71A2-41B9-B9D7-57A132516042}.Debug|ARM.Deploy.0 = Debug|iPhone
		{C6FCD13F-71A2-41B9-B9D7-57A132516042}.Debug|iPhone.ActiveCfg = Debug|iPhone
		{C6FCD13F-71A2-41B9-B9D7-57A132516042}.Debug|iPhone.Build.0 = Debug|iPhone
		{C6FCD13F-71A2-41B9-B9D7-57A132516042}.Debug|iPhone.Deploy.0 = Debug|iPhone
		{C6FCD13F-71A2-41B9-B9D7-57A132516042}.Debug|iPhoneSimulator.ActiveCfg = Debug|iPhoneSimulator
		{C6FCD13F-71A2-41B9-B9D7-57A132516042}.Debug|iPhoneSimulator.Build.0 = Debug|iPhoneSimulator
		{C6FCD13F-71A2-41B9-B9D7-57A132516042}.Debug|iPhoneSimulator.Deploy.0 = Debug|iPhoneSimulator
		{C6FCD13F-71A2-41B9-B9D7-57A132516042}.Debug|x64.ActiveCfg = Debug|iPhoneSimulator
		{C6FCD13F-71A2-41B9-B9D7-57A132516042}.Debug|x64.Build.0 = Debug|iPhoneSimulator
		{C6FCD13F-71A2-41B9-B9D7-57A132516042}.Debug|x64.Deploy.0 = Debug|iPhoneSimulator
		{C6FCD13F-71A2-41B9-B9D7-57A132516042}.Debug|x86.ActiveCfg = Debug|iPhoneSimulator
		{C6FCD13F-71A2-41B9-B9D7-57A132516042}.Debug|x86.Build.0 = Debug|iPhoneSimulator
		{C6FCD13F-71A2-41B9-B9D7-57A132516042}.Debug|x86.Deploy.0 = Debug|iPhoneSimulator
		{C6FCD13F-71A2-41B9-B9D7-57A132516042}.Release|Any CPU.ActiveCfg = Release|iPhoneSimulator
		{C6FCD13F-71A2-41B9-B9D7-57A132516042}.Release|Any CPU.Build.0 = Release|iPhoneSimulator
		{C6FCD13F-71A2-41B9-B9D7-57A132516042}.Release|Any CPU.Deploy.0 = Release|iPhoneSimulator
		{C6FCD13F-71A2-41B9-B9D7-57A132516042}.Release|ARM.ActiveCfg = Release|iPhoneSimulator
		{C6FCD13F-71A2-41B9-B9D7-57A132516042}.Release|ARM.Build.0 = Release|iPhoneSimulator
		{C6FCD13F-71A2-41B9-B9D7-57A132516042}.Release|ARM.Deploy.0 = Release|iPhoneSimulator
		{C6FCD13F-71A2-41B9-B9D7-57A132516042}.Release|iPhone.ActiveCfg = Release|iPhone
		{C6FCD13F-71A2-41B9-B9D7-57A132516042}.Release|iPhone.Build.0 = Release|iPhone
		{C6FCD13F-71A2-41B9-B9D7-57A132516042}.Release|iPhone.Deploy.0 = Release|iPhone
		{C6FCD13F-71A2-41B9-B9D7-57A132516042}.Release|iPhoneSimulator.ActiveCfg = Release|iPhoneSimulator
		{C6FCD13F-71A2-41B9-B9D7-57A132516042}.Release|iPhoneSimulator.Build.0 = Release|iPhoneSimulator
		{C6FCD13F-71A2-41B9-B9D7-57A132516042}.Release|iPhoneSimulator.Deploy.0 = Release|iPhoneSimulator
		{C6FCD13F-71A2-41B9-B9D7-57A132516042}.Release|x64.ActiveCfg = Release|iPhoneSimulator
		{C6FCD13F-71A2-41B9-B9D7-57A132516042}.Release|x64.Build.0 = Release|iPhoneSimulator
		{C6FCD13F-71A2-41B9-B9D7-57A132516042}.Release|x64.Deploy.0 = Release|iPhoneSimulator
		{C6FCD13F-71A2-41B9-B9D7-57A132516042}.Release|x86.ActiveCfg = Release|iPhoneSimulator
		{C6FCD13F-71A2-41B9-B9D7-57A132516042}.Release|x86.Build.0 = Release|iPhoneSimulator
		{C6FCD13F-71A2-41B9-B9D7-57A132516042}.Release|x86.Deploy.0 = Release|iPhoneSimulator
		{E4C90C55-6EDC-4EE1-837B-698FDE4DB91F}.Debug|Any CPU.ActiveCfg = Debug|Any CPU
		{E4C90C55-6EDC-4EE1-837B-698FDE4DB91F}.Debug|Any CPU.Build.0 = Debug|Any CPU
		{E4C90C55-6EDC-4EE1-837B-698FDE4DB91F}.Debug|Any CPU.Deploy.0 = Debug|Any CPU
		{E4C90C55-6EDC-4EE1-837B-698FDE4DB91F}.Debug|ARM.ActiveCfg = Debug|Any CPU
		{E4C90C55-6EDC-4EE1-837B-698FDE4DB91F}.Debug|ARM.Build.0 = Debug|Any CPU
		{E4C90C55-6EDC-4EE1-837B-698FDE4DB91F}.Debug|ARM.Deploy.0 = Debug|Any CPU
		{E4C90C55-6EDC-4EE1-837B-698FDE4DB91F}.Debug|iPhone.ActiveCfg = Debug|Any CPU
		{E4C90C55-6EDC-4EE1-837B-698FDE4DB91F}.Debug|iPhone.Build.0 = Debug|Any CPU
		{E4C90C55-6EDC-4EE1-837B-698FDE4DB91F}.Debug|iPhone.Deploy.0 = Debug|Any CPU
		{E4C90C55-6EDC-4EE1-837B-698FDE4DB91F}.Debug|iPhoneSimulator.ActiveCfg = Debug|Any CPU
		{E4C90C55-6EDC-4EE1-837B-698FDE4DB91F}.Debug|iPhoneSimulator.Build.0 = Debug|Any CPU
		{E4C90C55-6EDC-4EE1-837B-698FDE4DB91F}.Debug|iPhoneSimulator.Deploy.0 = Debug|Any CPU
		{E4C90C55-6EDC-4EE1-837B-698FDE4DB91F}.Debug|x64.ActiveCfg = Debug|Any CPU
		{E4C90C55-6EDC-4EE1-837B-698FDE4DB91F}.Debug|x64.Build.0 = Debug|Any CPU
		{E4C90C55-6EDC-4EE1-837B-698FDE4DB91F}.Debug|x64.Deploy.0 = Debug|Any CPU
		{E4C90C55-6EDC-4EE1-837B-698FDE4DB91F}.Debug|x86.ActiveCfg = Debug|Any CPU
		{E4C90C55-6EDC-4EE1-837B-698FDE4DB91F}.Debug|x86.Build.0 = Debug|Any CPU
		{E4C90C55-6EDC-4EE1-837B-698FDE4DB91F}.Debug|x86.Deploy.0 = Debug|Any CPU
		{E4C90C55-6EDC-4EE1-837B-698FDE4DB91F}.Release|Any CPU.ActiveCfg = Release|Any CPU
		{E4C90C55-6EDC-4EE1-837B-698FDE4DB91F}.Release|Any CPU.Build.0 = Release|Any CPU
		{E4C90C55-6EDC-4EE1-837B-698FDE4DB91F}.Release|Any CPU.Deploy.0 = Release|Any CPU
		{E4C90C55-6EDC-4EE1-837B-698FDE4DB91F}.Release|ARM.ActiveCfg = Release|Any CPU
		{E4C90C55-6EDC-4EE1-837B-698FDE4DB91F}.Release|ARM.Build.0 = Release|Any CPU
		{E4C90C55-6EDC-4EE1-837B-698FDE4DB91F}.Release|ARM.Deploy.0 = Release|Any CPU
		{E4C90C55-6EDC-4EE1-837B-698FDE4DB91F}.Release|iPhone.ActiveCfg = Release|Any CPU
		{E4C90C55-6EDC-4EE1-837B-698FDE4DB91F}.Release|iPhone.Build.0 = Release|Any CPU
		{E4C90C55-6EDC-4EE1-837B-698FDE4DB91F}.Release|iPhone.Deploy.0 = Release|Any CPU
		{E4C90C55-6EDC-4EE1-837B-698FDE4DB91F}.Release|iPhoneSimulator.ActiveCfg = Release|Any CPU
		{E4C90C55-6EDC-4EE1-837B-698FDE4DB91F}.Release|iPhoneSimulator.Build.0 = Release|Any CPU
		{E4C90C55-6EDC-4EE1-837B-698FDE4DB91F}.Release|iPhoneSimulator.Deploy.0 = Release|Any CPU
		{E4C90C55-6EDC-4EE1-837B-698FDE4DB91F}.Release|x64.ActiveCfg = Release|Any CPU
		{E4C90C55-6EDC-4EE1-837B-698FDE4DB91F}.Release|x64.Build.0 = Release|Any CPU
		{E4C90C55-6EDC-4EE1-837B-698FDE4DB91F}.Release|x64.Deploy.0 = Release|Any CPU
		{E4C90C55-6EDC-4EE1-837B-698FDE4DB91F}.Release|x86.ActiveCfg = Release|Any CPU
		{E4C90C55-6EDC-4EE1-837B-698FDE4DB91F}.Release|x86.Build.0 = Release|Any CPU
		{E4C90C55-6EDC-4EE1-837B-698FDE4DB91F}.Release|x86.Deploy.0 = Release|Any CPU
	EndGlobalSection
	GlobalSection(SolutionProperties) = preSolution
		HideSolutionNode = FALSE
	EndGlobalSection
	GlobalSection(ExtensibilityGlobals) = postSolution
		SolutionGuid = {72368083-CAD7-481B-A46A-7B83F7D7B755}
	EndGlobalSection
EndGlobal
