
Microsoft Visual Studio Solution File, Format Version 12.00
# Visual Studio Version 16
VisualStudioVersion = 16.0.30907.101
MinimumVisualStudioVersion = 10.0.40219.1
Project("{FAE04EC0-301F-11D3-BF4B-00C04F79EFBC}") = "RiceneticMobile.UWP", "RiceneticMobile\RiceneticMobile.UWP\RiceneticMobile.UWP.csproj", "{25BA56E8-B94A-4171-80C1-8E197FD25438}"
EndProject
Project("{FAE04EC0-301F-11D3-BF4B-00C04F79EFBC}") = "RiceneticMobile.Android", "RiceneticMobile\RiceneticMobile.Android\RiceneticMobile.Android.csproj", "{1DF7D593-97C9-4BCC-A317-3ADDD0F44A2D}"
EndProject
Project("{FAE04EC0-301F-11D3-BF4B-00C04F79EFBC}") = "RiceneticMobile.iOS", "RiceneticMobile\RiceneticMobile.iOS\RiceneticMobile.iOS.csproj", "{24F5131C-A2DC-4BE7-93AB-9CFFD3A88F06}"
EndProject
Project("{FAE04EC0-301F-11D3-BF4B-00C04F79EFBC}") = "RiceneticMobile", "RiceneticMobile\RiceneticMobile\RiceneticMobile.csproj", "{8D4CA8AF-2B90-4723-ADE1-8143C8DD2F4F}"
EndProject
Global
	GlobalSection(SolutionConfigurationPlatforms) = preSolution
		Debug|Any CPU = Debug|Any CPU
		Debug|ARM = Debug|ARM
		Debug|iPhone = Debug|iPhone
		Debug|iPhoneSimulator = Debug|iPhoneSimulator
		Debug|x64 = Debug|x64
		Debug|x86 = Debug|x86
		Release|Any CPU = Release|Any CPU
		Release|ARM = Release|ARM
		Release|iPhone = Release|iPhone
		Release|iPhoneSimulator = Release|iPhoneSimulator
		Release|x64 = Release|x64
		Release|x86 = Release|x86
	EndGlobalSection
	GlobalSection(ProjectConfigurationPlatforms) = postSolution
		{25BA56E8-B94A-4171-80C1-8E197FD25438}.Debug|Any CPU.ActiveCfg = Debug|x86
		{25BA56E8-B94A-4171-80C1-8E197FD25438}.Debug|Any CPU.Build.0 = Debug|x86
		{25BA56E8-B94A-4171-80C1-8E197FD25438}.Debug|Any CPU.Deploy.0 = Debug|x86
		{25BA56E8-B94A-4171-80C1-8E197FD25438}.Debug|ARM.ActiveCfg = Debug|ARM
		{25BA56E8-B94A-4171-80C1-8E197FD25438}.Debug|ARM.Build.0 = Debug|ARM
		{25BA56E8-B94A-4171-80C1-8E197FD25438}.Debug|ARM.Deploy.0 = Debug|ARM
		{25BA56E8-B94A-4171-80C1-8E197FD25438}.Debug|iPhone.ActiveCfg = Debug|x86
		{25BA56E8-B94A-4171-80C1-8E197FD25438}.Debug|iPhone.Build.0 = Debug|x86
		{25BA56E8-B94A-4171-80C1-8E197FD25438}.Debug|iPhone.Deploy.0 = Debug|x86
		{25BA56E8-B94A-4171-80C1-8E197FD25438}.Debug|iPhoneSimulator.ActiveCfg = Debug|x86
		{25BA56E8-B94A-4171-80C1-8E197FD25438}.Debug|iPhoneSimulator.Build.0 = Debug|x86
		{25BA56E8-B94A-4171-80C1-8E197FD25438}.Debug|iPhoneSimulator.Deploy.0 = Debug|x86
		{25BA56E8-B94A-4171-80C1-8E197FD25438}.Debug|x64.ActiveCfg = Debug|x64
		{25BA56E8-B94A-4171-80C1-8E197FD25438}.Debug|x64.Build.0 = Debug|x64
		{25BA56E8-B94A-4171-80C1-8E197FD25438}.Debug|x64.Deploy.0 = Debug|x64
		{25BA56E8-B94A-4171-80C1-8E197FD25438}.Debug|x86.ActiveCfg = Debug|x86
		{25BA56E8-B94A-4171-80C1-8E197FD25438}.Debug|x86.Build.0 = Debug|x86
		{25BA56E8-B94A-4171-80C1-8E197FD25438}.Debug|x86.Deploy.0 = Debug|x86
		{25BA56E8-B94A-4171-80C1-8E197FD25438}.Release|Any CPU.ActiveCfg = Release|x86
		{25BA56E8-B94A-4171-80C1-8E197FD25438}.Release|Any CPU.Build.0 = Release|x86
		{25BA56E8-B94A-4171-80C1-8E197FD25438}.Release|Any CPU.Deploy.0 = Release|x86
		{25BA56E8-B94A-4171-80C1-8E197FD25438}.Release|ARM.ActiveCfg = Release|ARM
		{25BA56E8-B94A-4171-80C1-8E197FD25438}.Release|ARM.Build.0 = Release|ARM
		{25BA56E8-B94A-4171-80C1-8E197FD25438}.Release|ARM.Deploy.0 = Release|ARM
		{25BA56E8-B94A-4171-80C1-8E197FD25438}.Release|iPhone.ActiveCfg = Release|x86
		{25BA56E8-B94A-4171-80C1-8E197FD25438}.Release|iPhone.Build.0 = Release|x86
		{25BA56E8-B94A-4171-80C1-8E197FD25438}.Release|iPhone.Deploy.0 = Release|x86
		{25BA56E8-B94A-4171-80C1-8E197FD25438}.Release|iPhoneSimulator.ActiveCfg = Release|x86
		{25BA56E8-B94A-4171-80C1-8E197FD25438}.Release|iPhoneSimulator.Build.0 = Release|x86
		{25BA56E8-B94A-4171-80C1-8E197FD25438}.Release|iPhoneSimulator.Deploy.0 = Release|x86
		{25BA56E8-B94A-4171-80C1-8E197FD25438}.Release|x64.ActiveCfg = Release|x64
		{25BA56E8-B94A-4171-80C1-8E197FD25438}.Release|x64.Build.0 = Release|x64
		{25BA56E8-B94A-4171-80C1-8E197FD25438}.Release|x64.Deploy.0 = Release|x64
		{25BA56E8-B94A-4171-80C1-8E197FD25438}.Release|x86.ActiveCfg = Release|x86
		{25BA56E8-B94A-4171-80C1-8E197FD25438}.Release|x86.Build.0 = Release|x86
		{25BA56E8-B94A-4171-80C1-8E197FD25438}.Release|x86.Deploy.0 = Release|x86
		{1DF7D593-97C9-4BCC-A317-3ADDD0F44A2D}.Debug|Any CPU.ActiveCfg = Debug|Any CPU
		{1DF7D593-97C9-4BCC-A317-3ADDD0F44A2D}.Debug|Any CPU.Build.0 = Debug|Any CPU
		{1DF7D593-97C9-4BCC-A317-3ADDD0F44A2D}.Debug|Any CPU.Deploy.0 = Debug|Any CPU
		{1DF7D593-97C9-4BCC-A317-3ADDD0F44A2D}.Debug|ARM.ActiveCfg = Debug|Any CPU
		{1DF7D593-97C9-4BCC-A317-3ADDD0F44A2D}.Debug|ARM.Build.0 = Debug|Any CPU
		{1DF7D593-97C9-4BCC-A317-3ADDD0F44A2D}.Debug|ARM.Deploy.0 = Debug|Any CPU
		{1DF7D593-97C9-4BCC-A317-3ADDD0F44A2D}.Debug|iPhone.ActiveCfg = Debug|Any CPU
		{1DF7D593-97C9-4BCC-A317-3ADDD0F44A2D}.Debug|iPhone.Build.0 = Debug|Any CPU
		{1DF7D593-97C9-4BCC-A317-3ADDD0F44A2D}.Debug|iPhone.Deploy.0 = Debug|Any CPU
		{1DF7D593-97C9-4BCC-A317-3ADDD0F44A2D}.Debug|iPhoneSimulator.ActiveCfg = Debug|Any CPU
		{1DF7D593-97C9-4BCC-A317-3ADDD0F44A2D}.Debug|iPhoneSimulator.Build.0 = Debug|Any CPU
		{1DF7D593-97C9-4BCC-A317-3ADDD0F44A2D}.Debug|iPhoneSimulator.Deploy.0 = Debug|Any CPU
		{1DF7D593-97C9-4BCC-A317-3ADDD0F44A2D}.Debug|x64.ActiveCfg = Debug|Any CPU
		{1DF7D593-97C9-4BCC-A317-3ADDD0F44A2D}.Debug|x64.Build.0 = Debug|Any CPU
		{1DF7D593-97C9-4BCC-A317-3ADDD0F44A2D}.Debug|x64.Deploy.0 = Debug|Any CPU
		{1DF7D593-97C9-4BCC-A317-3ADDD0F44A2D}.Debug|x86.ActiveCfg = Debug|Any CPU
		{1DF7D593-97C9-4BCC-A317-3ADDD0F44A2D}.Debug|x86.Build.0 = Debug|Any CPU
		{1DF7D593-97C9-4BCC-A317-3ADDD0F44A2D}.Debug|x86.Deploy.0 = Debug|Any CPU
		{1DF7D593-97C9-4BCC-A317-3ADDD0F44A2D}.Release|Any CPU.ActiveCfg = Release|Any CPU
		{1DF7D593-97C9-4BCC-A317-3ADDD0F44A2D}.Release|Any CPU.Build.0 = Release|Any CPU
		{1DF7D593-97C9-4BCC-A317-3ADDD0F44A2D}.Release|Any CPU.Deploy.0 = Release|Any CPU
		{1DF7D593-97C9-4BCC-A317-3ADDD0F44A2D}.Release|ARM.ActiveCfg = Release|Any CPU
		{1DF7D593-97C9-4BCC-A317-3ADDD0F44A2D}.Release|ARM.Build.0 = Release|Any CPU
		{1DF7D593-97C9-4BCC-A317-3ADDD0F44A2D}.Release|ARM.Deploy.0 = Release|Any CPU
		{1DF7D593-97C9-4BCC-A317-3ADDD0F44A2D}.Release|iPhone.ActiveCfg = Release|Any CPU
		{1DF7D593-97C9-4BCC-A317-3ADDD0F44A2D}.Release|iPhone.Build.0 = Release|Any CPU
		{1DF7D593-97C9-4BCC-A317-3ADDD0F44A2D}.Release|iPhone.Deploy.0 = Release|Any CPU
		{1DF7D593-97C9-4BCC-A317-3ADDD0F44A2D}.Release|iPhoneSimulator.ActiveCfg = Release|Any CPU
		{1DF7D593-97C9-4BCC-A317-3ADDD0F44A2D}.Release|iPhoneSimulator.Build.0 = Release|Any CPU
		{1DF7D593-97C9-4BCC-A317-3ADDD0F44A2D}.Release|iPhoneSimulator.Deploy.0 = Release|Any CPU
		{1DF7D593-97C9-4BCC-A317-3ADDD0F44A2D}.Release|x64.ActiveCfg = Release|Any CPU
		{1DF7D593-97C9-4BCC-A317-3ADDD0F44A2D}.Release|x64.Build.0 = Release|Any CPU
		{1DF7D593-97C9-4BCC-A317-3ADDD0F44A2D}.Release|x64.Deploy.0 = Release|Any CPU
		{1DF7D593-97C9-4BCC-A317-3ADDD0F44A2D}.Release|x86.ActiveCfg = Release|Any CPU
		{1DF7D593-97C9-4BCC-A317-3ADDD0F44A2D}.Release|x86.Build.0 = Release|Any CPU
		{1DF7D593-97C9-4BCC-A317-3ADDD0F44A2D}.Release|x86.Deploy.0 = Release|Any CPU
		{24F5131C-A2DC-4BE7-93AB-9CFFD3A88F06}.Debug|Any CPU.ActiveCfg = Debug|iPhoneSimulator
		{24F5131C-A2DC-4BE7-93AB-9CFFD3A88F06}.Debug|Any CPU.Build.0 = Debug|iPhoneSimulator
		{24F5131C-A2DC-4BE7-93AB-9CFFD3A88F06}.Debug|Any CPU.Deploy.0 = Debug|iPhoneSimulator
		{24F5131C-A2DC-4BE7-93AB-9CFFD3A88F06}.Debug|ARM.ActiveCfg = Debug|iPhone
		{24F5131C-A2DC-4BE7-93AB-9CFFD3A88F06}.Debug|ARM.Build.0 = Debug|iPhone
		{24F5131C-A2DC-4BE7-93AB-9CFFD3A88F06}.Debug|ARM.Deploy.0 = Debug|iPhone
		{24F5131C-A2DC-4BE7-93AB-9CFFD3A88F06}.Debug|iPhone.ActiveCfg = Debug|iPhone
		{24F5131C-A2DC-4BE7-93AB-9CFFD3A88F06}.Debug|iPhone.Build.0 = Debug|iPhone
		{24F5131C-A2DC-4BE7-93AB-9CFFD3A88F06}.Debug|iPhone.Deploy.0 = Debug|iPhone
		{24F5131C-A2DC-4BE7-93AB-9CFFD3A88F06}.Debug|iPhoneSimulator.ActiveCfg = Debug|iPhoneSimulator
		{24F5131C-A2DC-4BE7-93AB-9CFFD3A88F06}.Debug|iPhoneSimulator.Build.0 = Debug|iPhoneSimulator
		{24F5131C-A2DC-4BE7-93AB-9CFFD3A88F06}.Debug|iPhoneSimulator.Deploy.0 = Debug|iPhoneSimulator
		{24F5131C-A2DC-4BE7-93AB-9CFFD3A88F06}.Debug|x64.ActiveCfg = Debug|iPhoneSimulator
		{24F5131C-A2DC-4BE7-93AB-9CFFD3A88F06}.Debug|x64.Build.0 = Debug|iPhoneSimulator
		{24F5131C-A2DC-4BE7-93AB-9CFFD3A88F06}.Debug|x64.Deploy.0 = Debug|iPhoneSimulator
		{24F5131C-A2DC-4BE7-93AB-9CFFD3A88F06}.Debug|x86.ActiveCfg = Debug|iPhoneSimulator
		{24F5131C-A2DC-4BE7-93AB-9CFFD3A88F06}.Debug|x86.Build.0 = Debug|iPhoneSimulator
		{24F5131C-A2DC-4BE7-93AB-9CFFD3A88F06}.Debug|x86.Deploy.0 = Debug|iPhoneSimulator
		{24F5131C-A2DC-4BE7-93AB-9CFFD3A88F06}.Release|Any CPU.ActiveCfg = Release|iPhoneSimulator
		{24F5131C-A2DC-4BE7-93AB-9CFFD3A88F06}.Release|Any CPU.Build.0 = Release|iPhoneSimulator
		{24F5131C-A2DC-4BE7-93AB-9CFFD3A88F06}.Release|Any CPU.Deploy.0 = Release|iPhoneSimulator
		{24F5131C-A2DC-4BE7-93AB-9CFFD3A88F06}.Release|ARM.ActiveCfg = Release|iPhoneSimulator
		{24F5131C-A2DC-4BE7-93AB-9CFFD3A88F06}.Release|ARM.Build.0 = Release|iPhoneSimulator
		{24F5131C-A2DC-4BE7-93AB-9CFFD3A88F06}.Release|ARM.Deploy.0 = Release|iPhoneSimulator
		{24F5131C-A2DC-4BE7-93AB-9CFFD3A88F06}.Release|iPhone.ActiveCfg = Release|iPhone
		{24F5131C-A2DC-4BE7-93AB-9CFFD3A88F06}.Release|iPhone.Build.0 = Release|iPhone
		{24F5131C-A2DC-4BE7-93AB-9CFFD3A88F06}.Release|iPhone.Deploy.0 = Release|iPhone
		{24F5131C-A2DC-4BE7-93AB-9CFFD3A88F06}.Release|iPhoneSimulator.ActiveCfg = Release|iPhoneSimulator
		{24F5131C-A2DC-4BE7-93AB-9CFFD3A88F06}.Release|iPhoneSimulator.Build.0 = Release|iPhoneSimulator
		{24F5131C-A2DC-4BE7-93AB-9CFFD3A88F06}.Release|iPhoneSimulator.Deploy.0 = Release|iPhoneSimulator
		{24F5131C-A2DC-4BE7-93AB-9CFFD3A88F06}.Release|x64.ActiveCfg = Release|iPhoneSimulator
		{24F5131C-A2DC-4BE7-93AB-9CFFD3A88F06}.Release|x64.Build.0 = Release|iPhoneSimulator
		{24F5131C-A2DC-4BE7-93AB-9CFFD3A88F06}.Release|x64.Deploy.0 = Release|iPhoneSimulator
		{24F5131C-A2DC-4BE7-93AB-9CFFD3A88F06}.Release|x86.ActiveCfg = Release|iPhoneSimulator
		{24F5131C-A2DC-4BE7-93AB-9CFFD3A88F06}.Release|x86.Build.0 = Release|iPhoneSimulator
		{24F5131C-A2DC-4BE7-93AB-9CFFD3A88F06}.Release|x86.Deploy.0 = Release|iPhoneSimulator
		{8D4CA8AF-2B90-4723-ADE1-8143C8DD2F4F}.Debug|Any CPU.ActiveCfg = Debug|Any CPU
		{8D4CA8AF-2B90-4723-ADE1-8143C8DD2F4F}.Debug|Any CPU.Build.0 = Debug|Any CPU
		{8D4CA8AF-2B90-4723-ADE1-8143C8DD2F4F}.Debug|Any CPU.Deploy.0 = Debug|Any CPU
		{8D4CA8AF-2B90-4723-ADE1-8143C8DD2F4F}.Debug|ARM.ActiveCfg = Debug|Any CPU
		{8D4CA8AF-2B90-4723-ADE1-8143C8DD2F4F}.Debug|ARM.Build.0 = Debug|Any CPU
		{8D4CA8AF-2B90-4723-ADE1-8143C8DD2F4F}.Debug|ARM.Deploy.0 = Debug|Any CPU
		{8D4CA8AF-2B90-4723-ADE1-8143C8DD2F4F}.Debug|iPhone.ActiveCfg = Debug|Any CPU
		{8D4CA8AF-2B90-4723-ADE1-8143C8DD2F4F}.Debug|iPhone.Build.0 = Debug|Any CPU
		{8D4CA8AF-2B90-4723-ADE1-8143C8DD2F4F}.Debug|iPhone.Deploy.0 = Debug|Any CPU
		{8D4CA8AF-2B90-4723-ADE1-8143C8DD2F4F}.Debug|iPhoneSimulator.ActiveCfg = Debug|Any CPU
		{8D4CA8AF-2B90-4723-ADE1-8143C8DD2F4F}.Debug|iPhoneSimulator.Build.0 = Debug|Any CPU
		{8D4CA8AF-2B90-4723-ADE1-8143C8DD2F4F}.Debug|iPhoneSimulator.Deploy.0 = Debug|Any CPU
		{8D4CA8AF-2B90-4723-ADE1-8143C8DD2F4F}.Debug|x64.ActiveCfg = Debug|Any CPU
		{8D4CA8AF-2B90-4723-ADE1-8143C8DD2F4F}.Debug|x64.Build.0 = Debug|Any CPU
		{8D4CA8AF-2B90-4723-ADE1-8143C8DD2F4F}.Debug|x64.Deploy.0 = Debug|Any CPU
		{8D4CA8AF-2B90-4723-ADE1-8143C8DD2F4F}.Debug|x86.ActiveCfg = Debug|Any CPU
		{8D4CA8AF-2B90-4723-ADE1-8143C8DD2F4F}.Debug|x86.Build.0 = Debug|Any CPU
		{8D4CA8AF-2B90-4723-ADE1-8143C8DD2F4F}.Debug|x86.Deploy.0 = Debug|Any CPU
		{8D4CA8AF-2B90-4723-ADE1-8143C8DD2F4F}.Release|Any CPU.ActiveCfg = Release|Any CPU
		{8D4CA8AF-2B90-4723-ADE1-8143C8DD2F4F}.Release|Any CPU.Build.0 = Release|Any CPU
		{8D4CA8AF-2B90-4723-ADE1-8143C8DD2F4F}.Release|Any CPU.Deploy.0 = Release|Any CPU
		{8D4CA8AF-2B90-4723-ADE1-8143C8DD2F4F}.Release|ARM.ActiveCfg = Release|Any CPU
		{8D4CA8AF-2B90-4723-ADE1-8143C8DD2F4F}.Release|ARM.Build.0 = Release|Any CPU
		{8D4CA8AF-2B90-4723-ADE1-8143C8DD2F4F}.Release|ARM.Deploy.0 = Release|Any CPU
		{8D4CA8AF-2B90-4723-ADE1-8143C8DD2F4F}.Release|iPhone.ActiveCfg = Release|Any CPU
		{8D4CA8AF-2B90-4723-ADE1-8143C8DD2F4F}.Release|iPhone.Build.0 = Release|Any CPU
		{8D4CA8AF-2B90-4723-ADE1-8143C8DD2F4F}.Release|iPhone.Deploy.0 = Release|Any CPU
		{8D4CA8AF-2B90-4723-ADE1-8143C8DD2F4F}.Release|iPhoneSimulator.ActiveCfg = Release|Any CPU
		{8D4CA8AF-2B90-4723-ADE1-8143C8DD2F4F}.Release|iPhoneSimulator.Build.0 = Release|Any CPU
		{8D4CA8AF-2B90-4723-ADE1-8143C8DD2F4F}.Release|iPhoneSimulator.Deploy.0 = Release|Any CPU
		{8D4CA8AF-2B90-4723-ADE1-8143C8DD2F4F}.Release|x64.ActiveCfg = Release|Any CPU
		{8D4CA8AF-2B90-4723-ADE1-8143C8DD2F4F}.Release|x64.Build.0 = Release|Any CPU
		{8D4CA8AF-2B90-4723-ADE1-8143C8DD2F4F}.Release|x64.Deploy.0 = Release|Any CPU
		{8D4CA8AF-2B90-4723-ADE1-8143C8DD2F4F}.Release|x86.ActiveCfg = Release|Any CPU
		{8D4CA8AF-2B90-4723-ADE1-8143C8DD2F4F}.Release|x86.Build.0 = Release|Any CPU
		{8D4CA8AF-2B90-4723-ADE1-8143C8DD2F4F}.Release|x86.Deploy.0 = Release|Any CPU
	EndGlobalSection
	GlobalSection(SolutionProperties) = preSolution
		HideSolutionNode = FALSE
	EndGlobalSection
	GlobalSection(ExtensibilityGlobals) = postSolution
		SolutionGuid = {DE7BDE54-4CA7-444D-81A2-830DD8BECE30}
	EndGlobalSection
EndGlobal
